
Microsoft Visual Studio Solution File, Format Version 12.00
# Visual Studio Version 16
VisualStudioVersion = 16.0.31424.327
MinimumVisualStudioVersion = 10.0.40219.1
Project("{FAE04EC0-301F-11D3-BF4B-00C04F79EFBC}") = "calculadora_original", "calculadora_original\calculadora_original.csproj", "{A19204BA-1B82-454B-9553-BD714645F425}"
EndProject
Global
	GlobalSection(SolutionConfigurationPlatforms) = preSolution
		Debug|Any CPU = Debug|Any CPU
		Release|Any CPU = Release|Any CPU
	EndGlobalSection
	GlobalSection(ProjectConfigurationPlatforms) = postSolution
		{A19204BA-1B82-454B-9553-BD714645F425}.Debug|Any CPU.ActiveCfg = Debug|Any CPU
		{A19204BA-1B82-454B-9553-BD714645F425}.Debug|Any CPU.Build.0 = Debug|Any CPU
		{A19204BA-1B82-454B-9553-BD714645F425}.Release|Any CPU.ActiveCfg = Release|Any CPU
		{A19204BA-1B82-454B-9553-BD714645F425}.Release|Any CPU.Build.0 = Release|Any CPU
	EndGlobalSection
	GlobalSection(SolutionProperties) = preSolution
		HideSolutionNode = FALSE
	EndGlobalSection
	GlobalSection(ExtensibilityGlobals) = postSolution
		SolutionGuid = {8B494FAC-E23B-4035-8AF9-828DBDAA4D16}
	EndGlobalSection
EndGlobal
